PODS:
  - Alamofire (4.0.0-beta.1)
  - SwiftyBeaver (0.6.1)

DEPENDENCIES:
  - Alamofire (from `https://github.com/Alamofire/Alamofire.git`, branch `swift3`)
  - SwiftyBeaver (from `https://github.com/SwiftyBeaver/SwiftyBeaver.git`, branch `swift3`)

EXTERNAL SOURCES:
  Alamofire:
    :branch: swift3
    :git: https://github.com/Alamofire/Alamofire.git
  SwiftyBeaver:
    :branch: swift3
    :git: https://github.com/SwiftyBeaver/SwiftyBeaver.git

CHECKOUT OPTIONS:
  Alamofire:
    :commit: 3cc5b4e8453bec9fd6b973d60e6b0605a38e4cf4
    :git: https://github.com/Alamofire/Alamofire.git
  SwiftyBeaver:
    :commit: cf1bedc6b18a0e2e9f592a1b5be28c1867a683c2
    :git: https://github.com/SwiftyBeaver/SwiftyBeaver.git

SPEC CHECKSUMS:
  Alamofire: 698bf56c9e48d3248168e4a3a90588ac2e23836a
  SwiftyBeaver: 3551cb9d5841d64de902f271adee5a503dd0ed13

PODFILE CHECKSUM: 08d82efe572e4d380440afd1155117d314caa42e

COCOAPODS: 1.0.1
